// !$*UTF8*$!
{
	archiveVersion = 1;
	classes = {
	};
	objectVersion = 50;
	objects = {

/* Begin PBXBuildFile section */
		E0085CC3225B6A6400F73212 /* AppDelegate.swift in Sources */ = {isa = PBXBuildFile; fileRef = E0085CC2225B6A6400F73212 /* AppDelegate.swift */; };
		E0085CC8225B6A6400F73212 /* Main.storyboard in Resources */ = {isa = PBXBuildFile; fileRef = E0085CC6225B6A6400F73212 /* Main.storyboard */; };
		E0085CCA225B6A6500F73212 /* Assets.xcassets in Resources */ = {isa = PBXBuildFile; fileRef = E0085CC9225B6A6500F73212 /* Assets.xcassets */; };
		E0085CCD225B6A6500F73212 /* LaunchScreen.storyboard in Resources */ = {isa = PBXBuildFile; fileRef = E0085CCB225B6A6500F73212 /* LaunchScreen.storyboard */; };
		E0085CD5225B6AD000F73212 /* CarTableViewController.swift in Sources */ = {isa = PBXBuildFile; fileRef = E0085CD4225B6AD000F73212 /* CarTableViewController.swift */; };
		E0085CD7225B6B0000F73212 /* car.swift in Sources */ = {isa = PBXBuildFile; fileRef = E0085CD6225B6B0000F73212 /* car.swift */; };
		E0085CD9225B769B00F73212 /* carDetailControllerViewController.swift in Sources */ = {isa = PBXBuildFile; fileRef = E0085CD8225B769B00F73212 /* carDetailControllerViewController.swift */; };
/* End PBXBuildFile section */

/* Begin PBXFileReference section */
		E0085CBF225B6A6400F73212 /* dictionaryArray_car.app */ = {isa = PBXFileReference; explicitFileType = wrapper.application; includeInIndex = 0; path = dictionaryArray_car.app; sourceTree = BUILT_PRODUCTS_DIR; };
		E0085CC2225B6A6400F73212 /* AppDelegate.swift */ = {isa = PBXFileReference; lastKnownFileType = sourcecode.swift; path = AppDelegate.swift; sourceTree = "<group>"; };
		E0085CC7225B6A6400F73212 /* Base */ = {isa = PBXFileReference; lastKnownFileType = file.storyboard; name = Base; path = Base.lproj/Main.storyboard; sourceTree = "<group>"; };
		E0085CC9225B6A6500F73212 /* Assets.xcassets */ = {isa = PBXFileReference; lastKnownFileType = folder.assetcatalog; path = Assets.xcassets; sourceTree = "<group>"; };
		E0085CCC225B6A6500F73212 /* Base */ = {isa = PBXFileReference; lastKnownFileType = file.storyboard; name = Base; path = Base.lproj/LaunchScreen.storyboard; sourceTree = "<group>"; };
		E0085CCE225B6A6500F73212 /* Info.plist */ = {isa = PBXFileReference; lastKnownFileType = text.plist.xml; path = Info.plist; sourceTree = "<group>"; };
		E0085CD4225B6AD000F73212 /* CarTableViewController.swift */ = {isa = PBXFileReference; lastKnownFileType = sourcecode.swift; path = CarTableViewController.swift; sourceTree = "<group>"; };
		E0085CD6225B6B0000F73212 /* car.swift */ = {isa = PBXFileReference; lastKnownFileType = sourcecode.swift; path = car.swift; sourceTree = "<group>"; };
		E0085CD8225B769B00F73212 /* carDetailControllerViewController.swift */ = {isa = PBXFileReference; lastKnownFileType = sourcecode.swift; path = carDetailControllerViewController.swift; sourceTree = "<group>"; };
/* End PBXFileReference section */

/* Begin PBXFrameworksBuildPhase section */
		E0085CBC225B6A6400F73212 /* Frameworks */ = {
			isa = PBXFrameworksBuildPhase;
			buildActionMask = 2147483647;
			files = (
			);
			runOnlyForDeploymentPostprocessing = 0;
		};
/* End PBXFrameworksBuildPhase section */

/* Begin PBXGroup section */
		E0085CB6225B6A6300F73212 = {
			isa = PBXGroup;
			children = (
				E0085CC1225B6A6400F73212 /* dictionaryArray_car */,
				E0085CC0225B6A6400F73212 /* Products */,
			);
			sourceTree = "<group>";
		};
		E0085CC0225B6A6400F73212 /* Products */ = {
			isa = PBXGroup;
			children = (
				E0085CBF225B6A6400F73212 /* dictionaryArray_car.app */,
			);
			name = Products;
			sourceTree = "<group>";
		};
		E0085CC1225B6A6400F73212 /* dictionaryArray_car */ = {
			isa = PBXGroup;
			children = (
				E0085CC2225B6A6400F73212 /* AppDelegate.swift */,
				E0085CC6225B6A6400F73212 /* Main.storyboard */,
				E0085CD8225B769B00F73212 /* carDetailControllerViewController.swift */,
				E0085CD6225B6B0000F73212 /* car.swift */,
				E0085CD4225B6AD000F73212 /* CarTableViewController.swift */,
				E0085CC9225B6A6500F73212 /* Assets.xcassets */,
				E0085CCB225B6A6500F73212 /* LaunchScreen.storyboard */,
				E0085CCE225B6A6500F73212 /* Info.plist */,
			);
			path = dictionaryArray_car;
			sourceTree = "<group>";
		};
/* End PBXGroup section */

/* Begin PBXNativeTarget section */
		E0085CBE225B6A6400F73212 /* dictionaryArray_car */ = {
			isa = PBXNativeTarget;
			buildConfigurationList = E0085CD1225B6A6500F73212 /* Build configuration list for PBXNativeTarget "dictionaryArray_car" */;
			buildPhases = (
				E0085CBB225B6A6400F73212 /* Sources */,
				E0085CBC225B6A6400F73212 /* Frameworks */,
				E0085CBD225B6A6400F73212 /* Resources */,
			);
			buildRules = (
			);
			dependencies = (
			);
			name = dictionaryArray_car;
			productName = dictionaryArray_car;
			productReference = E0085CBF225B6A6400F73212 /* dictionaryArray_car.app */;
			productType = "com.apple.product-type.application";
		};
/* End PBXNativeTarget section */

/* Begin PBXProject section */
		E0085CB7225B6A6300F73212 /* Project object */ = {
			isa = PBXProject;
			attributes = {
				LastSwiftUpdateCheck = 1020;
				LastUpgradeCheck = 1020;
				ORGANIZATIONNAME = "Kelly Wang";
				TargetAttributes = {
					E0085CBE225B6A6400F73212 = {
						CreatedOnToolsVersion = 10.2;
					};
				};
			};
			buildConfigurationList = E0085CBA225B6A6300F73212 /* Build configuration list for PBXProject "dictionaryArray_car" */;
			compatibilityVersion = "Xcode 9.3";
			developmentRegion = en;
			hasScannedForEncodings = 0;
			knownRegions = (
				en,
				Base,
			);
			mainGroup = E0085CB6225B6A6300F73212;
			productRefGroup = E0085CC0225B6A6400F73212 /* Products */;
			projectDirPath = "";
			projectRoot = "";
			targets = (
				E0085CBE225B6A6400F73212 /* dictionaryArray_car */,
			);
		};
/* End PBXProject section */

/* Begin PBXResourcesBuildPhase section */
		E0085CBD225B6A6400F73212 /* Resources */ = {
			isa = PBXResourcesBuildPhase;
			buildActionMask = 2147483647;
			files = (
				E0085CCD225B6A6500F73212 /* LaunchScreen.storyboard in Resources */,
				E0085CCA225B6A6500F73212 /* Assets.xcassets in Resources */,
				E0085CC8225B6A6400F73212 /* Main.storyboard in Resources */,
			);
			runOnlyForDeploymentPostprocessing = 0;
		};
/* End PBXResourcesBuildPhase section */

/* Begin PBXSourcesBuildPhase section */
		E0085CBB225B6A6400F73212 /* Sources */ = {
			isa = PBXSourcesBuildPhase;
			buildActionMask = 2147483647;
			files = (
				E0085CD5225B6AD000F73212 /* CarTableViewController.swift in Sources */,
				E0085CD7225B6B0000F73212 /* car.swift in Sources */,
				E0085CD9225B769B00F73212 /* carDetailControllerViewController.swift in Sources */,
				E0085CC3225B6A6400F73212 /* AppDelegate.swift in Sources */,
			);
			runOnlyForDeploymentPostprocessing = 0;
		};
/* End PBXSourcesBuildPhase section */

/* Begin PBXVariantGroup section */
		E0085CC6225B6A6400F73212 /* Main.storyboard */ = {
			isa = PBXVariantGroup;
			children = (
				E0085CC7225B6A6400F73212 /* Base */,
			);
			name = Main.storyboard;
			sourceTree = "<group>";
		};
		E0085CCB225B6A6500F73212 /* LaunchScreen.storyboard */ = {
			isa = PBXVariantGroup;
			children = (
				E0085CCC225B6A6500F73212 /* Base */,
			);
			name = LaunchScreen.storyboard;
			sourceTree = "<group>";
		};
/* End PBXVariantGroup section */

/* Begin XCBuildConfiguration section */
		E0085CCF225B6A6500F73212 /* Debug */ = {
			isa = XCBuildConfiguration;
			buildSettings = {
				ALWAYS_SEARCH_USER_PATHS = NO;
				CLANG_ANALYZER_NONNULL = YES;
				CLANG_ANALYZER_NUMBER_OBJECT_CONVERSION = YES_AGGRESSIVE;
				CLANG_CXX_LANGUAGE_STANDARD = "gnu++14";
				CLANG_CXX_LIBRARY = "libc++";
				CLANG_ENABLE_MODULES = YES;
				CLANG_ENABLE_OBJC_ARC = YES;
				CLANG_ENABLE_OBJC_WEAK = YES;
				CLANG_WARN_BLOCK_CAPTURE_AUTORELEASING = YES;
				CLANG_WARN_BOOL_CONVERSION = YES;
				CLANG_WARN_COMMA = YES;
				CLANG_WARN_CONSTANT_CONVERSION = YES;
				CLANG_WARN_DEPRECATED_OBJC_IMPLEMENTATIONS = YES;
				CLANG_WARN_DIRECT_OBJC_ISA_USAGE = YES_ERROR;
				CLANG_WARN_DOCUMENTATION_COMMENTS = YES;
				CLANG_WARN_EMPTY_BODY = YES;
				CLANG_WARN_ENUM_CONVERSION = YES;
				CLANG_WARN_INFINITE_RECURSION = YES;
				CLANG_WARN_INT_CONVERSION = YES;
				CLANG_WARN_NON_LITERAL_NULL_CONVERSION = YES;
				CLANG_WARN_OBJC_IMPLICIT_RETAIN_SELF = YES;
				CLANG_WARN_OBJC_LITERAL_CONVERSION = YES;
				CLANG_WARN_OBJC_ROOT_CLASS = YES_ERROR;
				CLANG_WARN_RANGE_LOOP_ANALYSIS = YES;
				CLANG_WARN_STRICT_PROTOTYPES = YES;
				CLANG_WARN_SUSPICIOUS_MOVE = YES;
				CLANG_WARN_UNGUARDED_AVAILABILITY = YES_AGGRESSIVE;
				CLANG_WARN_UNREACHABLE_CODE = YES;
				CLANG_WARN__DUPLICATE_METHOD_MATCH = YES;
				CODE_SIGN_IDENTITY = "iPhone Developer";
				COPY_PHASE_STRIP = NO;
				DEBUG_INFORMATION_FORMAT = dwarf;
				ENABLE_STRICT_OBJC_MSGSEND = YES;
				ENABLE_TESTABILITY = YES;
				GCC_C_LANGUAGE_STANDARD = gnu11;
				GCC_DYNAMIC_NO_PIC = NO;
				GCC_NO_COMMON_BLOCKS = YES;
				GCC_OPTIMIZATION_LEVEL = 0;
				GCC_PREPROCESSOR_DEFINITIONS = (
					"DEBUG=1",
					"$(inherited)",
				);
				GCC_WARN_64_TO_32_BIT_CONVERSION = YES;
				GCC_WARN_ABOUT_RETURN_TYPE = YES_ERROR;
				GCC_WARN_UNDECLARED_SELECTOR = YES;
				GCC_WARN_UNINITIALIZED_AUTOS = YES_AGGRESSIVE;
				GCC_WARN_UNUSED_FUNCTION = YES;
				GCC_WARN_UNUSED_VARIABLE = YES;
				IPHONEOS_DEPLOYMENT_TARGET = 12.2;
				MTL_ENABLE_DEBUG_INFO = INCLUDE_SOURCE;
				MTL_FAST_MATH = YES;
				ONLY_ACTIVE_ARCH = YES;
				SDKROOT = iphoneos;
				SWIFT_ACTIVE_COMPILATION_CONDITIONS = DEBUG;
				SWIFT_OPTIMIZATION_LEVEL = "-Onone";
			};
			name = Debug;
		};
		E0085CD0225B6A6500F73212 /* Release */ = {
			isa = XCBuildConfiguration;
			buildSettings = {
				ALWAYS_SEARCH_USER_PATHS = NO;
				CLANG_ANALYZER_NONNULL = YES;
				CLANG_ANALYZER_NUMBER_OBJECT_CONVERSION = YES_AGGRESSIVE;
				CLANG_CXX_LANGUAGE_STANDARD = "gnu++14";
				CLANG_CXX_LIBRARY = "libc++";
				CLANG_ENABLE_MODULES = YES;
				CLANG_ENABLE_OBJC_ARC = YES;
				CLANG_ENABLE_OBJC_WEAK = YES;
				CLANG_WARN_BLOCK_CAPTURE_AUTORELEASING = YES;
				CLANG_WARN_BOOL_CONVERSION = YES;
				CLANG_WARN_COMMA = YES;
				CLANG_WARN_CONSTANT_CONVERSION = YES;
				CLANG_WARN_DEPRECATED_OBJC_IMPLEMENTATIONS = YES;
				CLANG_WARN_DIRECT_OBJC_ISA_USAGE = YES_ERROR;
				CLANG_WARN_DOCUMENTATION_COMMENTS = YES;
				CLANG_WARN_EMPTY_BODY = YES;
				CLANG_WARN_ENUM_CONVERSION = YES;
				CLANG_WARN_INFINITE_RECURSION = YES;
				CLANG_WARN_INT_CONVERSION = YES;
				CLANG_WARN_NON_LITERAL_NULL_CONVERSION = YES;
				CLANG_WARN_OBJC_IMPLICIT_RETAIN_SELF = YES;
				CLANG_WARN_OBJC_LITERAL_CONVERSION = YES;
				CLANG_WARN_OBJC_ROOT_CLASS = YES_ERROR;
				CLANG_WARN_RANGE_LOOP_ANALYSIS = YES;
				CLANG_WARN_STRICT_PROTOTYPES = YES;
				CLANG_WARN_SUSPICIOUS_MOVE = YES;
				CLANG_WARN_UNGUARDED_AVAILABILITY = YES_AGGRESSIVE;
				CLANG_WARN_UNREACHABLE_CODE = YES;
				CLANG_WARN__DUPLICATE_METHOD_MATCH = YES;
				CODE_SIGN_IDENTITY = "iPhone Developer";
				COPY_PHASE_STRIP = NO;
				DEBUG_INFORMATION_FORMAT = "dwarf-with-dsym";
				ENABLE_NS_ASSERTIONS = NO;
				ENABLE_STRICT_OBJC_MSGSEND = YES;
				GCC_C_LANGUAGE_STANDARD = gnu11;
				GCC_NO_COMMON_BLOCKS = YES;
				GCC_WARN_64_TO_32_BIT_CONVERSION = YES;
				GCC_WARN_ABOUT_RETURN_TYPE = YES_ERROR;
				GCC_WARN_UNDECLARED_SELECTOR = YES;
				GCC_WARN_UNINITIALIZED_AUTOS = YES_AGGRESSIVE;
				GCC_WARN_UNUSED_FUNCTION = YES;
				GCC_WARN_UNUSED_VARIABLE = YES;
				IPHONEOS_DEPLOYMENT_TARGET = 12.2;
				MTL_ENABLE_DEBUG_INFO = NO;
				MTL_FAST_MATH = YES;
				SDKROOT = iphoneos;
				SWIFT_COMPILATION_MODE = wholemodule;
				SWIFT_OPTIMIZATION_LEVEL = "-O";
				VALIDATE_PRODUCT = YES;
			};
			name = Release;
		};
		E0085CD2225B6A6500F73212 /* Debug */ = {
			isa = XCBuildConfiguration;
			buildSettings = {
				ASSETCATALOG_COMPILER_APPICON_NAME = AppIcon;
				CODE_SIGN_STYLE = Automatic;
				DEVELOPMENT_TEAM = AB9NXTEVT6;
				INFOPLIST_FILE = dictionaryArray_car/Info.plist;
				LD_RUNPATH_SEARCH_PATHS = (
					"$(inherited)",
					"@executable_path/Frameworks",
				);
				PRODUCT_BUNDLE_IDENTIFIER = "-4Kelly.dictionaryArray-car";
				PRODUCT_NAME = "$(TARGET_NAME)";
				SWIFT_VERSION = 5.0;
				TARGETED_DEVICE_FAMILY = "1,2";
			};
			name = Debug;
		};
		E0085CD3225B6A6500F73212 /* Release */ = {
			isa = XCBuildConfiguration;
			buildSettings = {
				ASSETCATALOG_COMPILER_APPICON_NAME = AppIcon;
				CODE_SIGN_STYLE = Automatic;
				DEVELOPMENT_TEAM = AB9NXTEVT6;
				INFOPLIST_FILE = dictionaryArray_car/Info.plist;
				LD_RUNPATH_SEARCH_PATHS = (
					"$(inherited)",
					"@executable_path/Frameworks",
				);
				PRODUCT_BUNDLE_IDENTIFIER = "-4Kelly.dictionaryArray-car";
				PRODUCT_NAME = "$(TARGET_NAME)";
				SWIFT_VERSION = 5.0;
				TARGETED_DEVICE_FAMILY = "1,2";
			};
			name = Release;
		};
/* End XCBuildConfiguration section */

/* Begin XCConfigurationList section */
		E0085CBA225B6A6300F73212 /* Build configuration list for PBXProject "dictionaryArray_car" */ = {
			isa = XCConfigurationList;
			buildConfigurations = (
				E0085CCF225B6A6500F73212 /* Debug */,
				E0085CD0225B6A6500F73212 /* Release */,
			);
			defaultConfigurationIsVisible = 0;
			defaultConfigurationName = Release;
		};
		E0085CD1225B6A6500F73212 /* Build configuration list for PBXNativeTarget "dictionaryArray_car" */ = {
			isa = XCConfigurationList;
			buildConfigurations = (
				E0085CD2225B6A6500F73212 /* Debug */,
				E0085CD3225B6A6500F73212 /* Release */,
			);
			defaultConfigurationIsVisible = 0;
			defaultConfigurationName = Release;
		};
/* End XCConfigurationList section */
	};
	rootObject = E0085CB7225B6A6300F73212 /* Project object */;
}
